{
  "name": "SocialWebApp",
  "lockfileVersion": 2,
  "requires": true,
  "packages": {
    "": {
      "dependencies": {
        "ngx-toastr": "^15.1.0"
      }
    },
    "node_modules/@angular/common": {
      "version": "14.2.4",
      "resolved": "https://registry.npmjs.org/@angular/common/-/common-14.2.4.tgz",
      "integrity": "sha512-nzmRUhdyKomgsf1vUdx7KOXS7OXkvdpF/1CSagqsIGYVLbL8cGZ6ROrdEuxkSsE9GUt/OAIkC4How4/LLPut1A==",
      "peer": true,
      "dependencies": {
        "tslib": "^2.3.0"
      },
      "engines": {
        "node": "^14.15.0 || >=16.10.0"
      },
      "peerDependencies": {
        "@angular/core": "14.2.4",
        "rxjs": "^6.5.3 || ^7.4.0"
      }
    },
    "node_modules/@angular/core": {
      "version": "14.2.4",
      "resolved": "https://registry.npmjs.org/@angular/core/-/core-14.2.4.tgz",
      "integrity": "sha512-wB19wKmZE+X07mLbxYyqeg3v1JXy8m0+ShZD2oY3dmgk1mXOf5XVQxRZohGTrbPw83EdSWwx3vz+jjylGunVZQ==",
      "peer": true,
      "dependencies": {
        "tslib": "^2.3.0"
      },
      "engines": {
        "node": "^14.15.0 || >=16.10.0"
      },
      "peerDependencies": {
        "rxjs": "^6.5.3 || ^7.4.0",
        "zone.js": "~0.11.4"
      }
    },
    "node_modules/@angular/platform-browser": {
      "version": "14.2.4",
      "resolved": "https://registry.npmjs.org/@angular/platform-browser/-/platform-browser-14.2.4.tgz",
      "integrity": "sha512-/NAQXYLgyeb2L15EsaKgGEn50GH/O3t1FOjBvVZg6L423X0H6dIOL4bxbLcKAj9+bUDtdUzDiDoYyt6YEidH+g==",
      "peer": true,
      "dependencies": {
        "tslib": "^2.3.0"
      },
      "engines": {
        "node": "^14.15.0 || >=16.10.0"
      },
      "peerDependencies": {
        "@angular/animations": "14.2.4",
        "@angular/common": "14.2.4",
        "@angular/core": "14.2.4"
      },
      "peerDependenciesMeta": {
        "@angular/animations": {
          "optional": true
        }
      }
    },
    "node_modules/ngx-toastr": {
      "version": "15.1.0",
      "resolved": "https://registry.npmjs.org/ngx-toastr/-/ngx-toastr-15.1.0.tgz",
      "integrity": "sha512-4HQyaQ85DyVL9CUpxD/M2QKk8WCpdSXDN0HUQey3u71SMjEs4bdUv5lfz+0dMIy/qVuD7SnEysWJOUVcFDr+wg==",
      "dependencies": {
        "tslib": "^2.3.0"
      },
      "peerDependencies": {
        "@angular/common": ">=14.0.0-0",
        "@angular/core": ">=14.0.0-0",
        "@angular/platform-browser": ">=14.0.0-0"
      }
    },
    "node_modules/rxjs": {
      "version": "7.5.7",
      "resolved": "https://registry.npmjs.org/rxjs/-/rxjs-7.5.7.tgz",
      "integrity": "sha512-z9MzKh/UcOqB3i20H6rtrlaE/CgjLOvheWK/9ILrbhROGTweAi1BaFsTT9FbwZi5Trr1qNRs+MXkhmR06awzQA==",
      "peer": true,
      "dependencies": {
        "tslib": "^2.1.0"
      }
    },
    "node_modules/tslib": {
      "version": "2.4.0",
      "resolved": "https://registry.npmjs.org/tslib/-/tslib-2.4.0.tgz",
      "integrity": "sha512-d6xOpEDfsi2CZVlPQzGeux8XMwLT9hssAsaPYExaQMuYskwb+x1x7J371tWlbBdWHroy99KnVB6qIkUbs5X3UQ=="
    },
    "node_modules/zone.js": {
      "version": "0.11.8",
      "resolved": "https://registry.npmjs.org/zone.js/-/zone.js-0.11.8.tgz",
      "integrity": "sha512-82bctBg2hKcEJ21humWIkXRlLBBmrc3nN7DFh5LGGhcyycO2S7FN8NmdvlcKaGFDNVL4/9kFLmwmInTavdJERA==",
      "peer": true,
      "dependencies": {
        "tslib": "^2.3.0"
      }
    }
  },
  "dependencies": {
    "@angular/common": {
      "version": "14.2.4",
      "resolved": "https://registry.npmjs.org/@angular/common/-/common-14.2.4.tgz",
      "integrity": "sha512-nzmRUhdyKomgsf1vUdx7KOXS7OXkvdpF/1CSagqsIGYVLbL8cGZ6ROrdEuxkSsE9GUt/OAIkC4How4/LLPut1A==",
      "peer": true,
      "requires": {
        "tslib": "^2.3.0"
      }
    },
    "@angular/core": {
      "version": "14.2.4",
      "resolved": "https://registry.npmjs.org/@angular/core/-/core-14.2.4.tgz",
      "integrity": "sha512-wB19wKmZE+X07mLbxYyqeg3v1JXy8m0+ShZD2oY3dmgk1mXOf5XVQxRZohGTrbPw83EdSWwx3vz+jjylGunVZQ==",
      "peer": true,
      "requires": {
        "tslib": "^2.3.0"
      }
    },
    "@angular/platform-browser": {
      "version": "14.2.4",
      "resolved": "https://registry.npmjs.org/@angular/platform-browser/-/platform-browser-14.2.4.tgz",
      "integrity": "sha512-/NAQXYLgyeb2L15EsaKgGEn50GH/O3t1FOjBvVZg6L423X0H6dIOL4bxbLcKAj9+bUDtdUzDiDoYyt6YEidH+g==",
      "peer": true,
      "requires": {
        "tslib": "^2.3.0"
      }
    },
    "ngx-toastr": {
      "version": "15.1.0",
      "resolved": "https://registry.npmjs.org/ngx-toastr/-/ngx-toastr-15.1.0.tgz",
      "integrity": "sha512-4HQyaQ85DyVL9CUpxD/M2QKk8WCpdSXDN0HUQey3u71SMjEs4bdUv5lfz+0dMIy/qVuD7SnEysWJOUVcFDr+wg==",
      "requires": {
        "tslib": "^2.3.0"
      }
    },
    "rxjs": {
      "version": "7.5.7",
      "resolved": "https://registry.npmjs.org/rxjs/-/rxjs-7.5.7.tgz",
      "integrity": "sha512-z9MzKh/UcOqB3i20H6rtrlaE/CgjLOvheWK/9ILrbhROGTweAi1BaFsTT9FbwZi5Trr1qNRs+MXkhmR06awzQA==",
      "peer": true,
      "requires": {
        "tslib": "^2.1.0"
      }
    },
    "tslib": {
      "version": "2.4.0",
      "resolved": "https://registry.npmjs.org/tslib/-/tslib-2.4.0.tgz",
      "integrity": "sha512-d6xOpEDfsi2CZVlPQzGeux8XMwLT9hssAsaPYExaQMuYskwb+x1x7J371tWlbBdWHroy99KnVB6qIkUbs5X3UQ=="
    },
    "zone.js": {
      "version": "0.11.8",
      "resolved": "https://registry.npmjs.org/zone.js/-/zone.js-0.11.8.tgz",
      "integrity": "sha512-82bctBg2hKcEJ21humWIkXRlLBBmrc3nN7DFh5LGGhcyycO2S7FN8NmdvlcKaGFDNVL4/9kFLmwmInTavdJERA==",
      "peer": true,
      "requires": {
        "tslib": "^2.3.0"
      }
    }
  }
}
