
Microsoft Visual Studio Solution File, Format Version 12.00
# Visual Studio Version 17
VisualStudioVersion = 17.2.32519.379
MinimumVisualStudioVersion = 10.0.40219.1
Project("{FAE04EC0-301F-11D3-BF4B-00C04F79EFBC}") = "SocialWebAPI", "SocialWebAPI\SocialWebAPI.csproj", "{923E50B8-F688-4C27-93CD-C0C85F3ECB86}"
EndProject
Global
	GlobalSection(SolutionConfigurationPlatforms) = preSolution
		Debug|Any CPU = Debug|Any CPU
		Release|Any CPU = Release|Any CPU
	EndGlobalSection
	GlobalSection(ProjectConfigurationPlatforms) = postSolution
		{923E50B8-F688-4C27-93CD-C0C85F3ECB86}.Debug|Any CPU.ActiveCfg = Debug|Any CPU
		{923E50B8-F688-4C27-93CD-C0C85F3ECB86}.Debug|Any CPU.Build.0 = Debug|Any CPU
		{923E50B8-F688-4C27-93CD-C0C85F3ECB86}.Release|Any CPU.ActiveCfg = Release|Any CPU
		{923E50B8-F688-4C27-93CD-C0C85F3ECB86}.Release|Any CPU.Build.0 = Release|Any CPU
	EndGlobalSection
	GlobalSection(SolutionProperties) = preSolution
		HideSolutionNode = FALSE
	EndGlobalSection
	GlobalSection(ExtensibilityGlobals) = postSolution
		SolutionGuid = {A6C76756-E72E-4AC8-9385-A9C4D9386A4C}
	EndGlobalSection
EndGlobal
